
Microsoft Visual Studio Solution File, Format Version 12.00
# Visual Studio 15
VisualStudioVersion = 15.0.28010.2003
MinimumVisualStudioVersion = 10.0.40219.1
Project("{FAE04EC0-301F-11D3-BF4B-00C04F79EFBC}") = "BikePackJournal", "BikePackJournal\BikePackJournal.csproj", "{988CD639-0614-445D-86C6-DD146FCED33D}"
EndProject
Global
	GlobalSection(SolutionConfigurationPlatforms) = preSolution
		Debug|Any CPU = Debug|Any CPU
		Release|Any CPU = Release|Any CPU
	EndGlobalSection
	GlobalSection(ProjectConfigurationPlatforms) = postSolution
		{988CD639-0614-445D-86C6-DD146FCED33D}.Debug|Any CPU.ActiveCfg = Debug|Any CPU
		{988CD639-0614-445D-86C6-DD146FCED33D}.Debug|Any CPU.Build.0 = Debug|Any CPU
		{988CD639-0614-445D-86C6-DD146FCED33D}.Release|Any CPU.ActiveCfg = Release|Any CPU
		{988CD639-0614-445D-86C6-DD146FCED33D}.Release|Any CPU.Build.0 = Release|Any CPU
	EndGlobalSection
	GlobalSection(SolutionProperties) = preSolution
		HideSolutionNode = FALSE
	EndGlobalSection
	GlobalSection(ExtensibilityGlobals) = postSolution
		SolutionGuid = {BAB21B09-C8FB-471E-AB59-4219FDDCF4E5}
	EndGlobalSection
EndGlobal
